// !$*UTF8*$!
{
	archiveVersion = 1;
	classes = {
	};
	objectVersion = 50;
	objects = {

/* Begin PBXBuildFile section */
		B71217C820A89D1A0071C506 /* Aemet.txt in Resources */ = {isa = PBXBuildFile; fileRef = B71217C720A89D1A0071C506 /* Aemet.txt */; };
		B73002BB20B719BF0089EFEB /* PiouPiouMeta.txt in Resources */ = {isa = PBXBuildFile; fileRef = B73002B920B719BF0089EFEB /* PiouPiouMeta.txt */; };
		B73002BF20B72C010089EFEB /* Environment.swift in Sources */ = {isa = PBXBuildFile; fileRef = B73002BE20B72C010089EFEB /* Environment.swift */; };
		B780E85E20A71D8E0012C42F /* AppDelegate.swift in Sources */ = {isa = PBXBuildFile; fileRef = B780E85D20A71D8E0012C42F /* AppDelegate.swift */; };
		B780E86020A71D8E0012C42F /* StationsListViewController.swift in Sources */ = {isa = PBXBuildFile; fileRef = B780E85F20A71D8E0012C42F /* StationsListViewController.swift */; };
		B780E86320A71D8E0012C42F /* Main.storyboard in Resources */ = {isa = PBXBuildFile; fileRef = B780E86120A71D8E0012C42F /* Main.storyboard */; };
		B780E86520A71D8F0012C42F /* Assets.xcassets in Resources */ = {isa = PBXBuildFile; fileRef = B780E86420A71D8F0012C42F /* Assets.xcassets */; };
		B780E86820A71D8F0012C42F /* LaunchScreen.storyboard in Resources */ = {isa = PBXBuildFile; fileRef = B780E86620A71D8F0012C42F /* LaunchScreen.storyboard */; };
		B780E87320A71D8F0012C42F /* WindTests.swift in Sources */ = {isa = PBXBuildFile; fileRef = B780E87220A71D8F0012C42F /* WindTests.swift */; };
		B780E87E20A71F630012C42F /* Station.swift in Sources */ = {isa = PBXBuildFile; fileRef = B780E87D20A71F630012C42F /* Station.swift */; };
		B780E88020A71FB30012C42F /* PiouPiou.swift in Sources */ = {isa = PBXBuildFile; fileRef = B780E87F20A71FB30012C42F /* PiouPiou.swift */; };
		B780E88220A71FE00012C42F /* Aemet.swift in Sources */ = {isa = PBXBuildFile; fileRef = B780E88120A71FE00012C42F /* Aemet.swift */; };
		B780E88420A7201E0012C42F /* WebService.swift in Sources */ = {isa = PBXBuildFile; fileRef = B780E88320A7201E0012C42F /* WebService.swift */; };
		B780E88620A722520012C42F /* StationDetailTableViewController.swift in Sources */ = {isa = PBXBuildFile; fileRef = B780E88520A722520012C42F /* StationDetailTableViewController.swift */; };
/* End PBXBuildFile section */

/* Begin PBXContainerItemProxy section */
		B780E86F20A71D8F0012C42F /* PBXContainerItemProxy */ = {
			isa = PBXContainerItemProxy;
			containerPortal = B780E85220A71D8D0012C42F /* Project object */;
			proxyType = 1;
			remoteGlobalIDString = B780E85920A71D8E0012C42F;
			remoteInfo = Wind;
		};
/* End PBXContainerItemProxy section */

/* Begin PBXFileReference section */
		B71217C720A89D1A0071C506 /* Aemet.txt */ = {isa = PBXFileReference; fileEncoding = 4; lastKnownFileType = text; path = Aemet.txt; sourceTree = "<group>"; };
		B73002B920B719BF0089EFEB /* PiouPiouMeta.txt */ = {isa = PBXFileReference; fileEncoding = 4; lastKnownFileType = text; path = PiouPiouMeta.txt; sourceTree = "<group>"; };
		B73002BE20B72C010089EFEB /* Environment.swift */ = {isa = PBXFileReference; lastKnownFileType = sourcecode.swift; path = Environment.swift; sourceTree = "<group>"; };
		B780E85A20A71D8E0012C42F /* Wind.app */ = {isa = PBXFileReference; explicitFileType = wrapper.application; includeInIndex = 0; path = Wind.app; sourceTree = BUILT_PRODUCTS_DIR; };
		B780E85D20A71D8E0012C42F /* AppDelegate.swift */ = {isa = PBXFileReference; lastKnownFileType = sourcecode.swift; path = AppDelegate.swift; sourceTree = "<group>"; };
		B780E85F20A71D8E0012C42F /* StationsListViewController.swift */ = {isa = PBXFileReference; lastKnownFileType = sourcecode.swift; path = StationsListViewController.swift; sourceTree = "<group>"; };
		B780E86220A71D8E0012C42F /* Base */ = {isa = PBXFileReference; lastKnownFileType = file.storyboard; name = Base; path = Base.lproj/Main.storyboard; sourceTree = "<group>"; };
		B780E86420A71D8F0012C42F /* Assets.xcassets */ = {isa = PBXFileReference; lastKnownFileType = folder.assetcatalog; path = Assets.xcassets; sourceTree = "<group>"; };
		B780E86720A71D8F0012C42F /* Base */ = {isa = PBXFileReference; lastKnownFileType = file.storyboard; name = Base; path = Base.lproj/LaunchScreen.storyboard; sourceTree = "<group>"; };
		B780E86920A71D8F0012C42F /* Info.plist */ = {isa = PBXFileReference; lastKnownFileType = text.plist.xml; path = Info.plist; sourceTree = "<group>"; };
		B780E86E20A71D8F0012C42F /* WindTests.xctest */ = {isa = PBXFileReference; explicitFileType = wrapper.cfbundle; includeInIndex = 0; path = WindTests.xctest; sourceTree = BUILT_PRODUCTS_DIR; };
		B780E87220A71D8F0012C42F /* WindTests.swift */ = {isa = PBXFileReference; lastKnownFileType = sourcecode.swift; path = WindTests.swift; sourceTree = "<group>"; };
		B780E87420A71D8F0012C42F /* Info.plist */ = {isa = PBXFileReference; lastKnownFileType = text.plist.xml; path = Info.plist; sourceTree = "<group>"; };
		B780E87D20A71F630012C42F /* Station.swift */ = {isa = PBXFileReference; lastKnownFileType = sourcecode.swift; path = Station.swift; sourceTree = "<group>"; };
		B780E87F20A71FB30012C42F /* PiouPiou.swift */ = {isa = PBXFileReference; lastKnownFileType = sourcecode.swift; path = PiouPiou.swift; sourceTree = "<group>"; };
		B780E88120A71FE00012C42F /* Aemet.swift */ = {isa = PBXFileReference; lastKnownFileType = sourcecode.swift; path = Aemet.swift; sourceTree = "<group>"; };
		B780E88320A7201E0012C42F /* WebService.swift */ = {isa = PBXFileReference; lastKnownFileType = sourcecode.swift; path = WebService.swift; sourceTree = "<group>"; };
		B780E88520A722520012C42F /* StationDetailTableViewController.swift */ = {isa = PBXFileReference; lastKnownFileType = sourcecode.swift; path = StationDetailTableViewController.swift; sourceTree = "<group>"; };
/* End PBXFileReference section */

/* Begin PBXFrameworksBuildPhase section */
		B780E85720A71D8E0012C42F /* Frameworks */ = {
			isa = PBXFrameworksBuildPhase;
			buildActionMask = 2147483647;
			files = (
			);
			runOnlyForDeploymentPostprocessing = 0;
		};
		B780E86B20A71D8F0012C42F /* Frameworks */ = {
			isa = PBXFrameworksBuildPhase;
			buildActionMask = 2147483647;
			files = (
			);
			runOnlyForDeploymentPostprocessing = 0;
		};
/* End PBXFrameworksBuildPhase section */

/* Begin PBXGroup section */
		B73002BD20B719D20089EFEB /* Resources */ = {
			isa = PBXGroup;
			children = (
				B71217C720A89D1A0071C506 /* Aemet.txt */,
				B73002B920B719BF0089EFEB /* PiouPiouMeta.txt */,
			);
			path = Resources;
			sourceTree = "<group>";
		};
		B780E85120A71D8D0012C42F = {
			isa = PBXGroup;
			children = (
				B780E85C20A71D8E0012C42F /* Wind */,
				B780E87120A71D8F0012C42F /* WindTests */,
				B780E85B20A71D8E0012C42F /* Products */,
			);
			sourceTree = "<group>";
		};
		B780E85B20A71D8E0012C42F /* Products */ = {
			isa = PBXGroup;
			children = (
				B780E85A20A71D8E0012C42F /* Wind.app */,
				B780E86E20A71D8F0012C42F /* WindTests.xctest */,
			);
			name = Products;
			sourceTree = "<group>";
		};
		B780E85C20A71D8E0012C42F /* Wind */ = {
			isa = PBXGroup;
			children = (
				B780E85D20A71D8E0012C42F /* AppDelegate.swift */,
				B780E85F20A71D8E0012C42F /* StationsListViewController.swift */,
				B780E88520A722520012C42F /* StationDetailTableViewController.swift */,
				B780E86120A71D8E0012C42F /* Main.storyboard */,
				B780E86420A71D8F0012C42F /* Assets.xcassets */,
				B780E86620A71D8F0012C42F /* LaunchScreen.storyboard */,
				B780E86920A71D8F0012C42F /* Info.plist */,
				B780E87D20A71F630012C42F /* Station.swift */,
				B780E87F20A71FB30012C42F /* PiouPiou.swift */,
				B780E88320A7201E0012C42F /* WebService.swift */,
				B73002BE20B72C010089EFEB /* Environment.swift */,
				B780E88120A71FE00012C42F /* Aemet.swift */,
				B73002BD20B719D20089EFEB /* Resources */,
			);
			path = Wind;
			sourceTree = "<group>";
		};
		B780E87120A71D8F0012C42F /* WindTests */ = {
			isa = PBXGroup;
			children = (
				B780E87220A71D8F0012C42F /* WindTests.swift */,
				B780E87420A71D8F0012C42F /* Info.plist */,
			);
			path = WindTests;
			sourceTree = "<group>";
		};
/* End PBXGroup section */

/* Begin PBXNativeTarget section */
		B780E85920A71D8E0012C42F /* Wind */ = {
			isa = PBXNativeTarget;
			buildConfigurationList = B780E87720A71D8F0012C42F /* Build configuration list for PBXNativeTarget "Wind" */;
			buildPhases = (
				B780E85620A71D8E0012C42F /* Sources */,
				B780E85720A71D8E0012C42F /* Frameworks */,
				B780E85820A71D8E0012C42F /* Resources */,
			);
			buildRules = (
			);
			dependencies = (
			);
			name = Wind;
			productName = Wind;
			productReference = B780E85A20A71D8E0012C42F /* Wind.app */;
			productType = "com.apple.product-type.application";
		};
		B780E86D20A71D8F0012C42F /* WindTests */ = {
			isa = PBXNativeTarget;
			buildConfigurationList = B780E87A20A71D8F0012C42F /* Build configuration list for PBXNativeTarget "WindTests" */;
			buildPhases = (
				B780E86A20A71D8F0012C42F /* Sources */,
				B780E86B20A71D8F0012C42F /* Frameworks */,
				B780E86C20A71D8F0012C42F /* Resources */,
			);
			buildRules = (
			);
			dependencies = (
				B780E87020A71D8F0012C42F /* PBXTargetDependency */,
			);
			name = WindTests;
			productName = WindTests;
			productReference = B780E86E20A71D8F0012C42F /* WindTests.xctest */;
			productType = "com.apple.product-type.bundle.unit-test";
		};
/* End PBXNativeTarget section */

/* Begin PBXProject section */
		B780E85220A71D8D0012C42F /* Project object */ = {
			isa = PBXProject;
			attributes = {
				LastSwiftUpdateCheck = 0930;
				LastUpgradeCheck = 0930;
				ORGANIZATIONNAME = "Thierry Darrigrand";
				TargetAttributes = {
					B780E85920A71D8E0012C42F = {
						CreatedOnToolsVersion = 9.3;
					};
					B780E86D20A71D8F0012C42F = {
						CreatedOnToolsVersion = 9.3;
						TestTargetID = B780E85920A71D8E0012C42F;
					};
				};
			};
			buildConfigurationList = B780E85520A71D8D0012C42F /* Build configuration list for PBXProject "Wind" */;
			compatibilityVersion = "Xcode 9.3";
			developmentRegion = en;
			hasScannedForEncodings = 0;
			knownRegions = (
				en,
				Base,
			);
			mainGroup = B780E85120A71D8D0012C42F;
			productRefGroup = B780E85B20A71D8E0012C42F /* Products */;
			projectDirPath = "";
			projectRoot = "";
			targets = (
				B780E85920A71D8E0012C42F /* Wind */,
				B780E86D20A71D8F0012C42F /* WindTests */,
			);
		};
/* End PBXProject section */

/* Begin PBXResourcesBuildPhase section */
		B780E85820A71D8E0012C42F /* Resources */ = {
			isa = PBXResourcesBuildPhase;
			buildActionMask = 2147483647;
			files = (
				B71217C820A89D1A0071C506 /* Aemet.txt in Resources */,
				B780E86820A71D8F0012C42F /* LaunchScreen.storyboard in Resources */,
				B780E86520A71D8F0012C42F /* Assets.xcassets in Resources */,
				B780E86320A71D8E0012C42F /* Main.storyboard in Resources */,
				B73002BB20B719BF0089EFEB /* PiouPiouMeta.txt in Resources */,
			);
			runOnlyForDeploymentPostprocessing = 0;
		};
		B780E86C20A71D8F0012C42F /* Resources */ = {
			isa = PBXResourcesBuildPhase;
			buildActionMask = 2147483647;
			files = (
			);
			runOnlyForDeploymentPostprocessing = 0;
		};
/* End PBXResourcesBuildPhase section */

/* Begin PBXSourcesBuildPhase section */
		B780E85620A71D8E0012C42F /* Sources */ = {
			isa = PBXSourcesBuildPhase;
			buildActionMask = 2147483647;
			files = (
				B780E88420A7201E0012C42F /* WebService.swift in Sources */,
				B73002BF20B72C010089EFEB /* Environment.swift in Sources */,
				B780E86020A71D8E0012C42F /* StationsListViewController.swift in Sources */,
				B780E87E20A71F630012C42F /* Station.swift in Sources */,
				B780E85E20A71D8E0012C42F /* AppDelegate.swift in Sources */,
				B780E88220A71FE00012C42F /* Aemet.swift in Sources */,
				B780E88020A71FB30012C42F /* PiouPiou.swift in Sources */,
				B780E88620A722520012C42F /* StationDetailTableViewController.swift in Sources */,
			);
			runOnlyForDeploymentPostprocessing = 0;
		};
		B780E86A20A71D8F0012C42F /* Sources */ = {
			isa = PBXSourcesBuildPhase;
			buildActionMask = 2147483647;
			files = (
				B780E87320A71D8F0012C42F /* WindTests.swift in Sources */,
			);
			runOnlyForDeploymentPostprocessing = 0;
		};
/* End PBXSourcesBuildPhase section */

/* Begin PBXTargetDependency section */
		B780E87020A71D8F0012C42F /* PBXTargetDependency */ = {
			isa = PBXTargetDependency;
			target = B780E85920A71D8E0012C42F /* Wind */;
			targetProxy = B780E86F20A71D8F0012C42F /* PBXContainerItemProxy */;
		};
/* End PBXTargetDependency section */

/* Begin PBXVariantGroup section */
		B780E86120A71D8E0012C42F /* Main.storyboard */ = {
			isa = PBXVariantGroup;
			children = (
				B780E86220A71D8E0012C42F /* Base */,
			);
			name = Main.storyboard;
			sourceTree = "<group>";
		};
		B780E86620A71D8F0012C42F /* LaunchScreen.storyboard */ = {
			isa = PBXVariantGroup;
			children = (
				B780E86720A71D8F0012C42F /* Base */,
			);
			name = LaunchScreen.storyboard;
			sourceTree = "<group>";
		};
/* End PBXVariantGroup section */

/* Begin XCBuildConfiguration section */
		B780E87520A71D8F0012C42F /* Debug */ = {
			isa = XCBuildConfiguration;
			buildSettings = {
				ALWAYS_SEARCH_USER_PATHS = NO;
				CLANG_ANALYZER_NONNULL = YES;
				CLANG_ANALYZER_NUMBER_OBJECT_CONVERSION = YES_AGGRESSIVE;
				CLANG_CXX_LANGUAGE_STANDARD = "gnu++14";
				CLANG_CXX_LIBRARY = "libc++";
				CLANG_ENABLE_MODULES = YES;
				CLANG_ENABLE_OBJC_ARC = YES;
				CLANG_ENABLE_OBJC_WEAK = YES;
				CLANG_WARN_BLOCK_CAPTURE_AUTORELEASING = YES;
				CLANG_WARN_BOOL_CONVERSION = YES;
				CLANG_WARN_COMMA = YES;
				CLANG_WARN_CONSTANT_CONVERSION = YES;
				CLANG_WARN_DEPRECATED_OBJC_IMPLEMENTATIONS = YES;
				CLANG_WARN_DIRECT_OBJC_ISA_USAGE = YES_ERROR;
				CLANG_WARN_DOCUMENTATION_COMMENTS = YES;
				CLANG_WARN_EMPTY_BODY = YES;
				CLANG_WARN_ENUM_CONVERSION = YES;
				CLANG_WARN_INFINITE_RECURSION = YES;
				CLANG_WARN_INT_CONVERSION = YES;
				CLANG_WARN_NON_LITERAL_NULL_CONVERSION = YES;
				CLANG_WARN_OBJC_IMPLICIT_RETAIN_SELF = YES;
				CLANG_WARN_OBJC_LITERAL_CONVERSION = YES;
				CLANG_WARN_OBJC_ROOT_CLASS = YES_ERROR;
				CLANG_WARN_RANGE_LOOP_ANALYSIS = YES;
				CLANG_WARN_STRICT_PROTOTYPES = YES;
				CLANG_WARN_SUSPICIOUS_MOVE = YES;
				CLANG_WARN_UNGUARDED_AVAILABILITY = YES_AGGRESSIVE;
				CLANG_WARN_UNREACHABLE_CODE = YES;
				CLANG_WARN__DUPLICATE_METHOD_MATCH = YES;
				CODE_SIGN_IDENTITY = "iPhone Developer";
				COPY_PHASE_STRIP = NO;
				DEBUG_INFORMATION_FORMAT = dwarf;
				ENABLE_STRICT_OBJC_MSGSEND = YES;
				ENABLE_TESTABILITY = YES;
				GCC_C_LANGUAGE_STANDARD = gnu11;
				GCC_DYNAMIC_NO_PIC = NO;
				GCC_NO_COMMON_BLOCKS = YES;
				GCC_OPTIMIZATION_LEVEL = 0;
				GCC_PREPROCESSOR_DEFINITIONS = (
					"DEBUG=1",
					"$(inherited)",
				);
				GCC_WARN_64_TO_32_BIT_CONVERSION = YES;
				GCC_WARN_ABOUT_RETURN_TYPE = YES_ERROR;
				GCC_WARN_UNDECLARED_SELECTOR = YES;
				GCC_WARN_UNINITIALIZED_AUTOS = YES_AGGRESSIVE;
				GCC_WARN_UNUSED_FUNCTION = YES;
				GCC_WARN_UNUSED_VARIABLE = YES;
				IPHONEOS_DEPLOYMENT_TARGET = 11.3;
				MTL_ENABLE_DEBUG_INFO = YES;
				ONLY_ACTIVE_ARCH = YES;
				SDKROOT = iphoneos;
				SWIFT_ACTIVE_COMPILATION_CONDITIONS = DEBUG;
				SWIFT_OPTIMIZATION_LEVEL = "-Onone";
			};
			name = Debug;
		};
		B780E87620A71D8F0012C42F /* Release */ = {
			isa = XCBuildConfiguration;
			buildSettings = {
				ALWAYS_SEARCH_USER_PATHS = NO;
				CLANG_ANALYZER_NONNULL = YES;
				CLANG_ANALYZER_NUMBER_OBJECT_CONVERSION = YES_AGGRESSIVE;
				CLANG_CXX_LANGUAGE_STANDARD = "gnu++14";
				CLANG_CXX_LIBRARY = "libc++";
				CLANG_ENABLE_MODULES = YES;
				CLANG_ENABLE_OBJC_ARC = YES;
				CLANG_ENABLE_OBJC_WEAK = YES;
				CLANG_WARN_BLOCK_CAPTURE_AUTORELEASING = YES;
				CLANG_WARN_BOOL_CONVERSION = YES;
				CLANG_WARN_COMMA = YES;
				CLANG_WARN_CONSTANT_CONVERSION = YES;
				CLANG_WARN_DEPRECATED_OBJC_IMPLEMENTATIONS = YES;
				CLANG_WARN_DIRECT_OBJC_ISA_USAGE = YES_ERROR;
				CLANG_WARN_DOCUMENTATION_COMMENTS = YES;
				CLANG_WARN_EMPTY_BODY = YES;
				CLANG_WARN_ENUM_CONVERSION = YES;
				CLANG_WARN_INFINITE_RECURSION = YES;
				CLANG_WARN_INT_CONVERSION = YES;
				CLANG_WARN_NON_LITERAL_NULL_CONVERSION = YES;
				CLANG_WARN_OBJC_IMPLICIT_RETAIN_SELF = YES;
				CLANG_WARN_OBJC_LITERAL_CONVERSION = YES;
				CLANG_WARN_OBJC_ROOT_CLASS = YES_ERROR;
				CLANG_WARN_RANGE_LOOP_ANALYSIS = YES;
				CLANG_WARN_STRICT_PROTOTYPES = YES;
				CLANG_WARN_SUSPICIOUS_MOVE = YES;
				CLANG_WARN_UNGUARDED_AVAILABILITY = YES_AGGRESSIVE;
				CLANG_WARN_UNREACHABLE_CODE = YES;
				CLANG_WARN__DUPLICATE_METHOD_MATCH = YES;
				CODE_SIGN_IDENTITY = "iPhone Developer";
				COPY_PHASE_STRIP = NO;
				DEBUG_INFORMATION_FORMAT = "dwarf-with-dsym";
				ENABLE_NS_ASSERTIONS = NO;
				ENABLE_STRICT_OBJC_MSGSEND = YES;
				GCC_C_LANGUAGE_STANDARD = gnu11;
				GCC_NO_COMMON_BLOCKS = YES;
				GCC_WARN_64_TO_32_BIT_CONVERSION = YES;
				GCC_WARN_ABOUT_RETURN_TYPE = YES_ERROR;
				GCC_WARN_UNDECLARED_SELECTOR = YES;
				GCC_WARN_UNINITIALIZED_AUTOS = YES_AGGRESSIVE;
				GCC_WARN_UNUSED_FUNCTION = YES;
				GCC_WARN_UNUSED_VARIABLE = YES;
				IPHONEOS_DEPLOYMENT_TARGET = 11.3;
				MTL_ENABLE_DEBUG_INFO = NO;
				SDKROOT = iphoneos;
				SWIFT_COMPILATION_MODE = wholemodule;
				SWIFT_OPTIMIZATION_LEVEL = "-O";
				VALIDATE_PRODUCT = YES;
			};
			name = Release;
		};
		B780E87820A71D8F0012C42F /* Debug */ = {
			isa = XCBuildConfiguration;
			buildSettings = {
				ASSETCATALOG_COMPILER_APPICON_NAME = AppIcon;
				CODE_SIGN_STYLE = Automatic;
				DEVELOPMENT_TEAM = 4QUKJ93Q35;
				INFOPLIST_FILE = Wind/Info.plist;
				LD_RUNPATH_SEARCH_PATHS = (
					"$(inherited)",
					"@executable_path/Frameworks",
				);
				PRODUCT_BUNDLE_IDENTIFIER = com.kapsi.Wind;
				PRODUCT_NAME = "$(TARGET_NAME)";
				SWIFT_VERSION = 4.0;
				TARGETED_DEVICE_FAMILY = "1,2";
			};
			name = Debug;
		};
		B780E87920A71D8F0012C42F /* Release */ = {
			isa = XCBuildConfiguration;
			buildSettings = {
				ASSETCATALOG_COMPILER_APPICON_NAME = AppIcon;
				CODE_SIGN_STYLE = Automatic;
				DEVELOPMENT_TEAM = 4QUKJ93Q35;
				INFOPLIST_FILE = Wind/Info.plist;
				LD_RUNPATH_SEARCH_PATHS = (
					"$(inherited)",
					"@executable_path/Frameworks",
				);
				PRODUCT_BUNDLE_IDENTIFIER = com.kapsi.Wind;
				PRODUCT_NAME = "$(TARGET_NAME)";
				SWIFT_VERSION = 4.0;
				TARGETED_DEVICE_FAMILY = "1,2";
			};
			name = Release;
		};
		B780E87B20A71D8F0012C42F /* Debug */ = {
			isa = XCBuildConfiguration;
			buildSettings = {
				ALWAYS_EMBED_SWIFT_STANDARD_LIBRARIES = YES;
				BUNDLE_LOADER = "$(TEST_HOST)";
				CODE_SIGN_STYLE = Automatic;
				DEVELOPMENT_TEAM = 4QUKJ93Q35;
				INFOPLIST_FILE = WindTests/Info.plist;
				LD_RUNPATH_SEARCH_PATHS = (
					"$(inherited)",
					"@executable_path/Frameworks",
					"@loader_path/Frameworks",
				);
				PRODUCT_BUNDLE_IDENTIFIER = com.kapsi.WindTests;
				PRODUCT_NAME = "$(TARGET_NAME)";
				SWIFT_VERSION = 4.0;
				TARGETED_DEVICE_FAMILY = "1,2";
				TEST_HOST = "$(BUILT_PRODUCTS_DIR)/Wind.app/Wind";
			};
			name = Debug;
		};
		B780E87C20A71D8F0012C42F /* Release */ = {
			isa = XCBuildConfiguration;
			buildSettings = {
				ALWAYS_EMBED_SWIFT_STANDARD_LIBRARIES = YES;
				BUNDLE_LOADER = "$(TEST_HOST)";
				CODE_SIGN_STYLE = Automatic;
				DEVELOPMENT_TEAM = 4QUKJ93Q35;
				INFOPLIST_FILE = WindTests/Info.plist;
				LD_RUNPATH_SEARCH_PATHS = (
					"$(inherited)",
					"@executable_path/Frameworks",
					"@loader_path/Frameworks",
				);
				PRODUCT_BUNDLE_IDENTIFIER = com.kapsi.WindTests;
				PRODUCT_NAME = "$(TARGET_NAME)";
				SWIFT_VERSION = 4.0;
				TARGETED_DEVICE_FAMILY = "1,2";
				TEST_HOST = "$(BUILT_PRODUCTS_DIR)/Wind.app/Wind";
			};
			name = Release;
		};
/* End XCBuildConfiguration section */

/* Begin XCConfigurationList section */
		B780E85520A71D8D0012C42F /* Build configuration list for PBXProject "Wind" */ = {
			isa = XCConfigurationList;
			buildConfigurations = (
				B780E87520A71D8F0012C42F /* Debug */,
				B780E87620A71D8F0012C42F /* Release */,
			);
			defaultConfigurationIsVisible = 0;
			defaultConfigurationName = Release;
		};
		B780E87720A71D8F0012C42F /* Build configuration list for PBXNativeTarget "Wind" */ = {
			isa = XCConfigurationList;
			buildConfigurations = (
				B780E87820A71D8F0012C42F /* Debug */,
				B780E87920A71D8F0012C42F /* Release */,
			);
			defaultConfigurationIsVisible = 0;
			defaultConfigurationName = Release;
		};
		B780E87A20A71D8F0012C42F /* Build configuration list for PBXNativeTarget "WindTests" */ = {
			isa = XCConfigurationList;
			buildConfigurations = (
				B780E87B20A71D8F0012C42F /* Debug */,
				B780E87C20A71D8F0012C42F /* Release */,
			);
			defaultConfigurationIsVisible = 0;
			defaultConfigurationName = Release;
		};
/* End XCConfigurationList section */
	};
	rootObject = B780E85220A71D8D0012C42F /* Project object */;
}
